
Microsoft Visual Studio Solution File, Format Version 12.00
# Visual Studio Version 17
VisualStudioVersion = 17.10.35004.147
MinimumVisualStudioVersion = 10.0.40219.1
Project("{8BC9CEB8-8B4A-11D0-8D11-00A0C91BC942}") = "bestfit", "bestfit.vcxproj", "{E706BAC3-5110-422B-A75A-D0F2A9C7301A}"
EndProject
Global
	GlobalSection(SolutionConfigurationPlatforms) = preSolution
		Debug|x64 = Debug|x64
		Release|x64 = Release|x64
	EndGlobalSection
	GlobalSection(ProjectConfigurationPlatforms) = postSolution
		{E706BAC3-5110-422B-A75A-D0F2A9C7301A}.Debug|x64.ActiveCfg = Debug|x64
		{E706BAC3-5110-422B-A75A-D0F2A9C7301A}.Debug|x64.Build.0 = Debug|x64
		{E706BAC3-5110-422B-A75A-D0F2A9C7301A}.Release|x64.ActiveCfg = Release|x64
		{E706BAC3-5110-422B-A75A-D0F2A9C7301A}.Release|x64.Build.0 = Release|x64
	EndGlobalSection
	GlobalSection(SolutionProperties) = preSolution
		HideSolutionNode = FALSE
	EndGlobalSection
	GlobalSection(ExtensibilityGlobals) = postSolution
		SolutionGuid = {3AF8524A-A000-425D-80E5-AEBB4A09AD6D}
	EndGlobalSection
EndGlobal
